
Microsoft Visual Studio Solution File, Format Version 12.00
# Visual Studio Version 16
VisualStudioVersion = 16.0.36422.26
MinimumVisualStudioVersion = 10.0.40219.1
Project("{2150E333-8FDC-42A3-9474-1A3956D46DE8}") = "Task0", "Task0", "{2DA44727-9C5D-441D-A81C-B38DDA258128}"
EndProject
Project("{FAE04EC0-301F-11D3-BF4B-00C04F79EFBC}") = "Tyuiu.SoldatovaPA.Sprint0.Task0.V0", "Tyuiu.SoldatovaPA.Sprint0.Task0.V0\Tyuiu.SoldatovaPA.Sprint0.Task0.V0.csproj", "{7733ACEB-1745-4684-AD2C-3B671D092580}"
EndProject
Project("{2150E333-8FDC-42A3-9474-1A3956D46DE8}") = "Task1", "Task1", "{BDA0076C-2A5E-461B-B256-B8A67D91C0EE}"
EndProject
Project("{FAE04EC0-301F-11D3-BF4B-00C04F79EFBC}") = "Tyuiu.SoldatovaPA.Task1.V0", "Tyuiu.SoldatovaPA.Task1.V0\Tyuiu.SoldatovaPA.Task1.V0.csproj", "{8701CDBA-E405-4AB3-9831-2ABAEF72946A}"
EndProject
Project("{2150E333-8FDC-42A3-9474-1A3956D46DE8}") = "Task2", "Task2", "{6E260D78-E903-4028-90A1-4E1E323BF6FE}"
EndProject
Project("{FAE04EC0-301F-11D3-BF4B-00C04F79EFBC}") = "Tyuiu.SoldatovaPA.Sprint0.Task2.V0", "Tyuiu.SoldatovaPA.Sprint0.Task2.V0\Tyuiu.SoldatovaPA.Sprint0.Task2.V0.csproj", "{E6661F6E-956F-4DDA-8543-EC92B5A92D6F}"
EndProject
Project("{FAE04EC0-301F-11D3-BF4B-00C04F79EFBC}") = "Tyuiu.SoldatovaPA.Sprint0.Task2.V0.Lib", "Tyuiu.SoldatovaPA.Sprint0.Task2.V0.Lib\Tyuiu.SoldatovaPA.Sprint0.Task2.V0.Lib.csproj", "{B7ECEB0C-6910-4B96-8C77-4EEADEADAD36}"
EndProject
Project("{FAE04EC0-301F-11D3-BF4B-00C04F79EFBC}") = "Tyuiu.SoldatovaPA.Sprint0.Task2.V0.Test", "Tyuiu.SoldatovaPA.Sprint0.Task2.V0.Test\Tyuiu.SoldatovaPA.Sprint0.Task2.V0.Test.csproj", "{E503BB1C-663F-4B8A-B4C5-E5B3DBE797EB}"
EndProject
Project("{2150E333-8FDC-42A3-9474-1A3956D46DE8}") = "Task4", "Task4", "{6877CFE2-4BB7-4504-88CD-DA8DDB874091}"
EndProject
Project("{FAE04EC0-301F-11D3-BF4B-00C04F79EFBC}") = "Tyuiu.SoldatovaPA.Sprint0.Task4.V0", "Tyuiu.SoldatovaPA.Sprint0.Task4.V0\Tyuiu.SoldatovaPA.Sprint0.Task4.V0.csproj", "{2D6E4263-6C6A-4048-BA5F-5CCFED820823}"
EndProject
Project("{FAE04EC0-301F-11D3-BF4B-00C04F79EFBC}") = "Tyuiu.SoldatovaPA.Sprint0.Task4.V0.Lib", "Tyuiu.SoldatovaPA.Sprint0.Task4.V0.Lib\Tyuiu.SoldatovaPA.Sprint0.Task4.V0.Lib.csproj", "{5698FA76-3F10-43E9-BBCB-A8D3A02C26B8}"
EndProject
Project("{FAE04EC0-301F-11D3-BF4B-00C04F79EFBC}") = "Tyuiu.SoldatovaPA.Sprint0.Task4.V0.Test", "Tyuiu.SoldatovaPA.Sprint0.Task4.V0.Test\Tyuiu.SoldatovaPA.Sprint0.Task4.V0.Test.csproj", "{5AC6EB70-A533-4B57-9E0E-B41025708F65}"
EndProject
Project("{2150E333-8FDC-42A3-9474-1A3956D46DE8}") = "Task1", "Task1", "{1294BD41-79C6-4C73-90EB-F5FE757C1DD7}"
EndProject
Project("{FAE04EC0-301F-11D3-BF4B-00C04F79EFBC}") = "Tyuiu.SoldatovaPA.Sprint0.Task1.V0", "Tyuiu.SoldatovaPA.Sprint0.Task1.V0\Tyuiu.SoldatovaPA.Sprint0.Task1.V0.csproj", "{324F4408-E252-4A91-B9D1-D74BAC3183B0}"
EndProject
Project("{2150E333-8FDC-42A3-9474-1A3956D46DE8}") = "Task3", "Task3", "{D3B2B79C-12CF-40FB-8A56-83D3D0B8232C}"
EndProject
Project("{FAE04EC0-301F-11D3-BF4B-00C04F79EFBC}") = "Tyuiu.SoldatovaPA.Sprint0.Task3.V0", "Tyuiu.SoldatovaPA.Sprint0.Task3.V0\Tyuiu.SoldatovaPA.Sprint0.Task3.V0.csproj", "{80F8A0C4-0885-4BA1-814B-A09CCAAFF4AB}"
EndProject
Project("{FAE04EC0-301F-11D3-BF4B-00C04F79EFBC}") = "Tyuiu.SoldatovaPA.Sprint0.Task3.V0.Test", "Tyuiu.SoldatovaPA.Sprint0.Task3.V0.Test\Tyuiu.SoldatovaPA.Sprint0.Task3.V0.Test.csproj", "{CC4F31C8-4D50-47C1-9974-A43A2F775CC1}"
EndProject
Project("{FAE04EC0-301F-11D3-BF4B-00C04F79EFBC}") = "Tyuiu.SoldatovaPA.Sprint0.Task3.V0.Lib", "Tyuiu.SoldatovaPA.Sprint0.Task3.V0.Lib\Tyuiu.SoldatovaPA.Sprint0.Task3.V0.Lib.csproj", "{DEB21D43-03BC-42AA-9DC3-9AAD2B409026}"
EndProject
Project("{2150E333-8FDC-42A3-9474-1A3956D46DE8}") = "Task5", "Task5", "{7394CE4B-F848-4B8B-99C1-48867B480BB3}"
EndProject
Project("{FAE04EC0-301F-11D3-BF4B-00C04F79EFBC}") = "Tyuiu.SoldatovaPA.Sprint0.Task5.V0", "Tyuiu.SoldatovaPA.Sprint0.Task5.V0\Tyuiu.SoldatovaPA.Sprint0.Task5.V0.csproj", "{F3058E74-93FC-415A-B98A-8C60D4534649}"
EndProject
Project("{FAE04EC0-301F-11D3-BF4B-00C04F79EFBC}") = "Tyuiu.SoldatovaPA.Sprint0.Task5.V0.Lib", "Tyuiu.SoldatovaPA.Sprint0.Task5.V0.Lib\Tyuiu.SoldatovaPA.Sprint0.Task5.V0.Lib.csproj", "{280E1864-D76C-4B53-A551-6CDE6377B8D7}"
EndProject
Project("{FAE04EC0-301F-11D3-BF4B-00C04F79EFBC}") = "Tyuiu.SoldatovaPA.Sprint0.Task5.V0.Test", "Tyuiu.SoldatovaPA.Sprint0.Task5.V0.Test\Tyuiu.SoldatovaPA.Sprint0.Task5.V0.Test.csproj", "{A7BCC221-591B-43B1-8CA7-858D91C9A14E}"
EndProject
Project("{2150E333-8FDC-42A3-9474-1A3956D46DE8}") = "Task6", "Task6", "{51A43308-95C2-4A18-9C61-338E6B3BFF18}"
EndProject
Project("{FAE04EC0-301F-11D3-BF4B-00C04F79EFBC}") = "Tyuiu.SoldatovaPA.Sprint0.Task6.V0", "Tyuiu.SoldatovaPA.Sprint0.Task6.V0\Tyuiu.SoldatovaPA.Sprint0.Task6.V0.csproj", "{5EDB629E-4608-4498-8033-53EAA38A215C}"
EndProject
Project("{FAE04EC0-301F-11D3-BF4B-00C04F79EFBC}") = "Tyuiu.SoldatovaPA.Sprint0.Task6.V0.Lib", "Tyuiu.SoldatovaPA.Sprint0.Task6.V0.Lib\Tyuiu.SoldatovaPA.Sprint0.Task6.V0.Lib.csproj", "{849913AC-68B7-491B-8B40-F69BDD702F40}"
EndProject
Project("{FAE04EC0-301F-11D3-BF4B-00C04F79EFBC}") = "Tyuiu.SoldatovaPA.Sprint0.Task6.V0.Test", "Tyuiu.SoldatovaPA.Sprint0.Task6.V0.Test\Tyuiu.SoldatovaPA.Sprint0.Task6.V0.Test.csproj", "{DB987BF4-A909-4C2C-AEB8-4DE05C54384D}"
EndProject
Project("{2150E333-8FDC-42A3-9474-1A3956D46DE8}") = "Task7", "Task7", "{1E76688E-85B2-4809-8C81-188955FD2DA6}"
EndProject
Project("{FAE04EC0-301F-11D3-BF4B-00C04F79EFBC}") = "Tyuiu.SoldatovaPA.Sprint0.Task7.V0", "Tyuiu.SoldatovaPA.Sprint0.Task7.V0\Tyuiu.SoldatovaPA.Sprint0.Task7.V0.csproj", "{101C98C2-8658-4747-9DDD-C2E3A952053F}"
EndProject
Project("{FAE04EC0-301F-11D3-BF4B-00C04F79EFBC}") = "Tyuiu.SoldatovaPA.Sprint0.Task7.V0.Lib", "Tyuiu.SoldatovaPA.Sprint0.Task7.V0.Lib\Tyuiu.SoldatovaPA.Sprint0.Task7.V0.Lib.csproj", "{C1E20577-85A9-439D-9E45-96ECDE071EB5}"
EndProject
Project("{FAE04EC0-301F-11D3-BF4B-00C04F79EFBC}") = "Tyuiu.SoldatovaPA.Sprint0.Task7.V0.Test", "Tyuiu.SoldatovaPA.Sprint0.Task7.V0.Test\Tyuiu.SoldatovaPA.Sprint0.Task7.V0.Test.csproj", "{82EA6538-354F-4C89-8F30-C9FA22116C89}"
EndProject
Global
	GlobalSection(SolutionConfigurationPlatforms) = preSolution
		Debug|Any CPU = Debug|Any CPU
		Release|Any CPU = Release|Any CPU
	EndGlobalSection
	GlobalSection(ProjectConfigurationPlatforms) = postSolution
		{7733ACEB-1745-4684-AD2C-3B671D092580}.Debug|Any CPU.ActiveCfg = Debug|Any CPU
		{7733ACEB-1745-4684-AD2C-3B671D092580}.Debug|Any CPU.Build.0 = Debug|Any CPU
		{7733ACEB-1745-4684-AD2C-3B671D092580}.Release|Any CPU.ActiveCfg = Release|Any CPU
		{7733ACEB-1745-4684-AD2C-3B671D092580}.Release|Any CPU.Build.0 = Release|Any CPU
		{8701CDBA-E405-4AB3-9831-2ABAEF72946A}.Debug|Any CPU.ActiveCfg = Debug|Any CPU
		{8701CDBA-E405-4AB3-9831-2ABAEF72946A}.Debug|Any CPU.Build.0 = Debug|Any CPU
		{8701CDBA-E405-4AB3-9831-2ABAEF72946A}.Release|Any CPU.ActiveCfg = Release|Any CPU
		{8701CDBA-E405-4AB3-9831-2ABAEF72946A}.Release|Any CPU.Build.0 = Release|Any CPU
		{E6661F6E-956F-4DDA-8543-EC92B5A92D6F}.Debug|Any CPU.ActiveCfg = Debug|Any CPU
		{E6661F6E-956F-4DDA-8543-EC92B5A92D6F}.Debug|Any CPU.Build.0 = Debug|Any CPU
		{E6661F6E-956F-4DDA-8543-EC92B5A92D6F}.Release|Any CPU.ActiveCfg = Release|Any CPU
		{E6661F6E-956F-4DDA-8543-EC92B5A92D6F}.Release|Any CPU.Build.0 = Release|Any CPU
		{B7ECEB0C-6910-4B96-8C77-4EEADEADAD36}.Debug|Any CPU.ActiveCfg = Debug|Any CPU
		{B7ECEB0C-6910-4B96-8C77-4EEADEADAD36}.Debug|Any CPU.Build.0 = Debug|Any CPU
		{B7ECEB0C-6910-4B96-8C77-4EEADEADAD36}.Release|Any CPU.ActiveCfg = Release|Any CPU
		{B7ECEB0C-6910-4B96-8C77-4EEADEADAD36}.Release|Any CPU.Build.0 = Release|Any CPU
		{E503BB1C-663F-4B8A-B4C5-E5B3DBE797EB}.Debug|Any CPU.ActiveCfg = Debug|Any CPU
		{E503BB1C-663F-4B8A-B4C5-E5B3DBE797EB}.Debug|Any CPU.Build.0 = Debug|Any CPU
		{E503BB1C-663F-4B8A-B4C5-E5B3DBE797EB}.Release|Any CPU.ActiveCfg = Release|Any CPU
		{E503BB1C-663F-4B8A-B4C5-E5B3DBE797EB}.Release|Any CPU.Build.0 = Release|Any CPU
		{2D6E4263-6C6A-4048-BA5F-5CCFED820823}.Debug|Any CPU.ActiveCfg = Debug|Any CPU
		{2D6E4263-6C6A-4048-BA5F-5CCFED820823}.Debug|Any CPU.Build.0 = Debug|Any CPU
		{2D6E4263-6C6A-4048-BA5F-5CCFED820823}.Release|Any CPU.ActiveCfg = Release|Any CPU
		{2D6E4263-6C6A-4048-BA5F-5CCFED820823}.Release|Any CPU.Build.0 = Release|Any CPU
		{5698FA76-3F10-43E9-BBCB-A8D3A02C26B8}.Debug|Any CPU.ActiveCfg = Debug|Any CPU
		{5698FA76-3F10-43E9-BBCB-A8D3A02C26B8}.Debug|Any CPU.Build.0 = Debug|Any CPU
		{5698FA76-3F10-43E9-BBCB-A8D3A02C26B8}.Release|Any CPU.ActiveCfg = Release|Any CPU
		{5698FA76-3F10-43E9-BBCB-A8D3A02C26B8}.Release|Any CPU.Build.0 = Release|Any CPU
		{5AC6EB70-A533-4B57-9E0E-B41025708F65}.Debug|Any CPU.ActiveCfg = Debug|Any CPU
		{5AC6EB70-A533-4B57-9E0E-B41025708F65}.Debug|Any CPU.Build.0 = Debug|Any CPU
		{5AC6EB70-A533-4B57-9E0E-B41025708F65}.Release|Any CPU.ActiveCfg = Release|Any CPU
		{5AC6EB70-A533-4B57-9E0E-B41025708F65}.Release|Any CPU.Build.0 = Release|Any CPU
		{324F4408-E252-4A91-B9D1-D74BAC3183B0}.Debug|Any CPU.ActiveCfg = Debug|Any CPU
		{324F4408-E252-4A91-B9D1-D74BAC3183B0}.Debug|Any CPU.Build.0 = Debug|Any CPU
		{324F4408-E252-4A91-B9D1-D74BAC3183B0}.Release|Any CPU.ActiveCfg = Release|Any CPU
		{324F4408-E252-4A91-B9D1-D74BAC3183B0}.Release|Any CPU.Build.0 = Release|Any CPU
		{80F8A0C4-0885-4BA1-814B-A09CCAAFF4AB}.Debug|Any CPU.ActiveCfg = Debug|Any CPU
		{80F8A0C4-0885-4BA1-814B-A09CCAAFF4AB}.Debug|Any CPU.Build.0 = Debug|Any CPU
		{80F8A0C4-0885-4BA1-814B-A09CCAAFF4AB}.Release|Any CPU.ActiveCfg = Release|Any CPU
		{80F8A0C4-0885-4BA1-814B-A09CCAAFF4AB}.Release|Any CPU.Build.0 = Release|Any CPU
		{CC4F31C8-4D50-47C1-9974-A43A2F775CC1}.Debug|Any CPU.ActiveCfg = Debug|Any CPU
		{CC4F31C8-4D50-47C1-9974-A43A2F775CC1}.Debug|Any CPU.Build.0 = Debug|Any CPU
		{CC4F31C8-4D50-47C1-9974-A43A2F775CC1}.Release|Any CPU.ActiveCfg = Release|Any CPU
		{CC4F31C8-4D50-47C1-9974-A43A2F775CC1}.Release|Any CPU.Build.0 = Release|Any CPU
		{DEB21D43-03BC-42AA-9DC3-9AAD2B409026}.Debug|Any CPU.ActiveCfg = Debug|Any CPU
		{DEB21D43-03BC-42AA-9DC3-9AAD2B409026}.Debug|Any CPU.Build.0 = Debug|Any CPU
		{DEB21D43-03BC-42AA-9DC3-9AAD2B409026}.Release|Any CPU.ActiveCfg = Release|Any CPU
		{DEB21D43-03BC-42AA-9DC3-9AAD2B409026}.Release|Any CPU.Build.0 = Release|Any CPU
		{F3058E74-93FC-415A-B98A-8C60D4534649}.Debug|Any CPU.ActiveCfg = Debug|Any CPU
		{F3058E74-93FC-415A-B98A-8C60D4534649}.Debug|Any CPU.Build.0 = Debug|Any CPU
		{F3058E74-93FC-415A-B98A-8C60D4534649}.Release|Any CPU.ActiveCfg = Release|Any CPU
		{F3058E74-93FC-415A-B98A-8C60D4534649}.Release|Any CPU.Build.0 = Release|Any CPU
		{280E1864-D76C-4B53-A551-6CDE6377B8D7}.Debug|Any CPU.ActiveCfg = Debug|Any CPU
		{280E1864-D76C-4B53-A551-6CDE6377B8D7}.Debug|Any CPU.Build.0 = Debug|Any CPU
		{280E1864-D76C-4B53-A551-6CDE6377B8D7}.Release|Any CPU.ActiveCfg = Release|Any CPU
		{280E1864-D76C-4B53-A551-6CDE6377B8D7}.Release|Any CPU.Build.0 = Release|Any CPU
		{A7BCC221-591B-43B1-8CA7-858D91C9A14E}.Debug|Any CPU.ActiveCfg = Debug|Any CPU
		{A7BCC221-591B-43B1-8CA7-858D91C9A14E}.Debug|Any CPU.Build.0 = Debug|Any CPU
		{A7BCC221-591B-43B1-8CA7-858D91C9A14E}.Release|Any CPU.ActiveCfg = Release|Any CPU
		{A7BCC221-591B-43B1-8CA7-858D91C9A14E}.Release|Any CPU.Build.0 = Release|Any CPU
		{5EDB629E-4608-4498-8033-53EAA38A215C}.Debug|Any CPU.ActiveCfg = Debug|Any CPU
		{5EDB629E-4608-4498-8033-53EAA38A215C}.Debug|Any CPU.Build.0 = Debug|Any CPU
		{5EDB629E-4608-4498-8033-53EAA38A215C}.Release|Any CPU.ActiveCfg = Release|Any CPU
		{5EDB629E-4608-4498-8033-53EAA38A215C}.Release|Any CPU.Build.0 = Release|Any CPU
		{849913AC-68B7-491B-8B40-F69BDD702F40}.Debug|Any CPU.ActiveCfg = Debug|Any CPU
		{849913AC-68B7-491B-8B40-F69BDD702F40}.Debug|Any CPU.Build.0 = Debug|Any CPU
		{849913AC-68B7-491B-8B40-F69BDD702F40}.Release|Any CPU.ActiveCfg = Release|Any CPU
		{849913AC-68B7-491B-8B40-F69BDD702F40}.Release|Any CPU.Build.0 = Release|Any CPU
		{DB987BF4-A909-4C2C-AEB8-4DE05C54384D}.Debug|Any CPU.ActiveCfg = Debug|Any CPU
		{DB987BF4-A909-4C2C-AEB8-4DE05C54384D}.Debug|Any CPU.Build.0 = Debug|Any CPU
		{DB987BF4-A909-4C2C-AEB8-4DE05C54384D}.Release|Any CPU.ActiveCfg = Release|Any CPU
		{DB987BF4-A909-4C2C-AEB8-4DE05C54384D}.Release|Any CPU.Build.0 = Release|Any CPU
		{101C98C2-8658-4747-9DDD-C2E3A952053F}.Debug|Any CPU.ActiveCfg = Debug|Any CPU
		{101C98C2-8658-4747-9DDD-C2E3A952053F}.Debug|Any CPU.Build.0 = Debug|Any CPU
		{101C98C2-8658-4747-9DDD-C2E3A952053F}.Release|Any CPU.ActiveCfg = Release|Any CPU
		{101C98C2-8658-4747-9DDD-C2E3A952053F}.Release|Any CPU.Build.0 = Release|Any CPU
		{C1E20577-85A9-439D-9E45-96ECDE071EB5}.Debug|Any CPU.ActiveCfg = Debug|Any CPU
		{C1E20577-85A9-439D-9E45-96ECDE071EB5}.Debug|Any CPU.Build.0 = Debug|Any CPU
		{C1E20577-85A9-439D-9E45-96ECDE071EB5}.Release|Any CPU.ActiveCfg = Release|Any CPU
		{C1E20577-85A9-439D-9E45-96ECDE071EB5}.Release|Any CPU.Build.0 = Release|Any CPU
		{82EA6538-354F-4C89-8F30-C9FA22116C89}.Debug|Any CPU.ActiveCfg = Debug|Any CPU
		{82EA6538-354F-4C89-8F30-C9FA22116C89}.Debug|Any CPU.Build.0 = Debug|Any CPU
		{82EA6538-354F-4C89-8F30-C9FA22116C89}.Release|Any CPU.ActiveCfg = Release|Any CPU
		{82EA6538-354F-4C89-8F30-C9FA22116C89}.Release|Any CPU.Build.0 = Release|Any CPU
	EndGlobalSection
	GlobalSection(SolutionProperties) = preSolution
		HideSolutionNode = FALSE
	EndGlobalSection
	GlobalSection(NestedProjects) = preSolution
		{7733ACEB-1745-4684-AD2C-3B671D092580} = {2DA44727-9C5D-441D-A81C-B38DDA258128}
		{BDA0076C-2A5E-461B-B256-B8A67D91C0EE} = {6877CFE2-4BB7-4504-88CD-DA8DDB874091}
		{8701CDBA-E405-4AB3-9831-2ABAEF72946A} = {BDA0076C-2A5E-461B-B256-B8A67D91C0EE}
		{E6661F6E-956F-4DDA-8543-EC92B5A92D6F} = {6E260D78-E903-4028-90A1-4E1E323BF6FE}
		{B7ECEB0C-6910-4B96-8C77-4EEADEADAD36} = {6E260D78-E903-4028-90A1-4E1E323BF6FE}
		{E503BB1C-663F-4B8A-B4C5-E5B3DBE797EB} = {6E260D78-E903-4028-90A1-4E1E323BF6FE}
		{2D6E4263-6C6A-4048-BA5F-5CCFED820823} = {6877CFE2-4BB7-4504-88CD-DA8DDB874091}
		{5698FA76-3F10-43E9-BBCB-A8D3A02C26B8} = {6877CFE2-4BB7-4504-88CD-DA8DDB874091}
		{5AC6EB70-A533-4B57-9E0E-B41025708F65} = {6877CFE2-4BB7-4504-88CD-DA8DDB874091}
		{324F4408-E252-4A91-B9D1-D74BAC3183B0} = {1294BD41-79C6-4C73-90EB-F5FE757C1DD7}
		{80F8A0C4-0885-4BA1-814B-A09CCAAFF4AB} = {D3B2B79C-12CF-40FB-8A56-83D3D0B8232C}
		{CC4F31C8-4D50-47C1-9974-A43A2F775CC1} = {D3B2B79C-12CF-40FB-8A56-83D3D0B8232C}
		{DEB21D43-03BC-42AA-9DC3-9AAD2B409026} = {D3B2B79C-12CF-40FB-8A56-83D3D0B8232C}
		{F3058E74-93FC-415A-B98A-8C60D4534649} = {7394CE4B-F848-4B8B-99C1-48867B480BB3}
		{280E1864-D76C-4B53-A551-6CDE6377B8D7} = {7394CE4B-F848-4B8B-99C1-48867B480BB3}
		{A7BCC221-591B-43B1-8CA7-858D91C9A14E} = {7394CE4B-F848-4B8B-99C1-48867B480BB3}
		{5EDB629E-4608-4498-8033-53EAA38A215C} = {51A43308-95C2-4A18-9C61-338E6B3BFF18}
		{849913AC-68B7-491B-8B40-F69BDD702F40} = {51A43308-95C2-4A18-9C61-338E6B3BFF18}
		{DB987BF4-A909-4C2C-AEB8-4DE05C54384D} = {51A43308-95C2-4A18-9C61-338E6B3BFF18}
		{101C98C2-8658-4747-9DDD-C2E3A952053F} = {1E76688E-85B2-4809-8C81-188955FD2DA6}
		{C1E20577-85A9-439D-9E45-96ECDE071EB5} = {1E76688E-85B2-4809-8C81-188955FD2DA6}
		{82EA6538-354F-4C89-8F30-C9FA22116C89} = {1E76688E-85B2-4809-8C81-188955FD2DA6}
	EndGlobalSection
	GlobalSection(ExtensibilityGlobals) = postSolution
		SolutionGuid = {B651ADBE-0C44-485C-9F83-3224134DF7C2}
	EndGlobalSection
EndGlobal
