
Microsoft Visual Studio Solution File, Format Version 12.00
# Visual Studio Version 16
VisualStudioVersion = 16.0.36422.26
MinimumVisualStudioVersion = 10.0.40219.1
Project("{2150E333-8FDC-42A3-9474-1A3956D46DE8}") = "Task0", "Task0", "{2DA44727-9C5D-441D-A81C-B38DDA258128}"
EndProject
Project("{FAE04EC0-301F-11D3-BF4B-00C04F79EFBC}") = "Tyuiu.SoldatovaPA.Sprint0.Task0.V0", "Tyuiu.SoldatovaPA.Sprint0.Task0.V0\Tyuiu.SoldatovaPA.Sprint0.Task0.V0.csproj", "{7733ACEB-1745-4684-AD2C-3B671D092580}"
EndProject
Project("{2150E333-8FDC-42A3-9474-1A3956D46DE8}") = "Task1", "Task1", "{BDA0076C-2A5E-461B-B256-B8A67D91C0EE}"
EndProject
Project("{FAE04EC0-301F-11D3-BF4B-00C04F79EFBC}") = "Tyuiu.SoldatovaPA.Task1.V0", "Tyuiu.SoldatovaPA.Task1.V0\Tyuiu.SoldatovaPA.Task1.V0.csproj", "{8701CDBA-E405-4AB3-9831-2ABAEF72946A}"
EndProject
Project("{2150E333-8FDC-42A3-9474-1A3956D46DE8}") = "Task2", "Task2", "{6E260D78-E903-4028-90A1-4E1E323BF6FE}"
EndProject
Project("{FAE04EC0-301F-11D3-BF4B-00C04F79EFBC}") = "Tyuiu.SoldatovaPA.Sprint0.Task2.V0", "Tyuiu.SoldatovaPA.Sprint0.Task2.V0\Tyuiu.SoldatovaPA.Sprint0.Task2.V0.csproj", "{E6661F6E-956F-4DDA-8543-EC92B5A92D6F}"
EndProject
Project("{FAE04EC0-301F-11D3-BF4B-00C04F79EFBC}") = "Tyuiu.SoldatovaPA.Sprint0.Task2.V0.Lib", "Tyuiu.SoldatovaPA.Sprint0.Task2.V0.Lib\Tyuiu.SoldatovaPA.Sprint0.Task2.V0.Lib.csproj", "{B7ECEB0C-6910-4B96-8C77-4EEADEADAD36}"
EndProject
Project("{FAE04EC0-301F-11D3-BF4B-00C04F79EFBC}") = "Tyuiu.SoldatovaPA.Sprint0.Task2.V0.Test", "Tyuiu.SoldatovaPA.Sprint0.Task2.V0.Test\Tyuiu.SoldatovaPA.Sprint0.Task2.V0.Test.csproj", "{E503BB1C-663F-4B8A-B4C5-E5B3DBE797EB}"
EndProject
Global
	GlobalSection(SolutionConfigurationPlatforms) = preSolution
		Debug|Any CPU = Debug|Any CPU
		Release|Any CPU = Release|Any CPU
	EndGlobalSection
	GlobalSection(ProjectConfigurationPlatforms) = postSolution
		{7733ACEB-1745-4684-AD2C-3B671D092580}.Debug|Any CPU.ActiveCfg = Debug|Any CPU
		{7733ACEB-1745-4684-AD2C-3B671D092580}.Debug|Any CPU.Build.0 = Debug|Any CPU
		{7733ACEB-1745-4684-AD2C-3B671D092580}.Release|Any CPU.ActiveCfg = Release|Any CPU
		{7733ACEB-1745-4684-AD2C-3B671D092580}.Release|Any CPU.Build.0 = Release|Any CPU
		{8701CDBA-E405-4AB3-9831-2ABAEF72946A}.Debug|Any CPU.ActiveCfg = Debug|Any CPU
		{8701CDBA-E405-4AB3-9831-2ABAEF72946A}.Debug|Any CPU.Build.0 = Debug|Any CPU
		{8701CDBA-E405-4AB3-9831-2ABAEF72946A}.Release|Any CPU.ActiveCfg = Release|Any CPU
		{8701CDBA-E405-4AB3-9831-2ABAEF72946A}.Release|Any CPU.Build.0 = Release|Any CPU
		{E6661F6E-956F-4DDA-8543-EC92B5A92D6F}.Debug|Any CPU.ActiveCfg = Debug|Any CPU
		{E6661F6E-956F-4DDA-8543-EC92B5A92D6F}.Debug|Any CPU.Build.0 = Debug|Any CPU
		{E6661F6E-956F-4DDA-8543-EC92B5A92D6F}.Release|Any CPU.ActiveCfg = Release|Any CPU
		{E6661F6E-956F-4DDA-8543-EC92B5A92D6F}.Release|Any CPU.Build.0 = Release|Any CPU
		{B7ECEB0C-6910-4B96-8C77-4EEADEADAD36}.Debug|Any CPU.ActiveCfg = Debug|Any CPU
		{B7ECEB0C-6910-4B96-8C77-4EEADEADAD36}.Debug|Any CPU.Build.0 = Debug|Any CPU
		{B7ECEB0C-6910-4B96-8C77-4EEADEADAD36}.Release|Any CPU.ActiveCfg = Release|Any CPU
		{B7ECEB0C-6910-4B96-8C77-4EEADEADAD36}.Release|Any CPU.Build.0 = Release|Any CPU
		{E503BB1C-663F-4B8A-B4C5-E5B3DBE797EB}.Debug|Any CPU.ActiveCfg = Debug|Any CPU
		{E503BB1C-663F-4B8A-B4C5-E5B3DBE797EB}.Debug|Any CPU.Build.0 = Debug|Any CPU
		{E503BB1C-663F-4B8A-B4C5-E5B3DBE797EB}.Release|Any CPU.ActiveCfg = Release|Any CPU
		{E503BB1C-663F-4B8A-B4C5-E5B3DBE797EB}.Release|Any CPU.Build.0 = Release|Any CPU
	EndGlobalSection
	GlobalSection(SolutionProperties) = preSolution
		HideSolutionNode = FALSE
	EndGlobalSection
	GlobalSection(NestedProjects) = preSolution
		{7733ACEB-1745-4684-AD2C-3B671D092580} = {2DA44727-9C5D-441D-A81C-B38DDA258128}
		{8701CDBA-E405-4AB3-9831-2ABAEF72946A} = {BDA0076C-2A5E-461B-B256-B8A67D91C0EE}
		{E6661F6E-956F-4DDA-8543-EC92B5A92D6F} = {6E260D78-E903-4028-90A1-4E1E323BF6FE}
		{B7ECEB0C-6910-4B96-8C77-4EEADEADAD36} = {6E260D78-E903-4028-90A1-4E1E323BF6FE}
		{E503BB1C-663F-4B8A-B4C5-E5B3DBE797EB} = {6E260D78-E903-4028-90A1-4E1E323BF6FE}
	EndGlobalSection
	GlobalSection(ExtensibilityGlobals) = postSolution
		SolutionGuid = {B651ADBE-0C44-485C-9F83-3224134DF7C2}
	EndGlobalSection
EndGlobal
